
Microsoft Visual Studio Solution File, Format Version 12.00
# Visual Studio 15
Project("{FAE04EC0-301F-11D3-BF4B-00C04F79EFBC}") = "spine-unity-examples", "spine-unity-examples.csproj", "{B76150D2-6B7D-C1C0-D9E9-55612E986F23}"
EndProject
Project("{FAE04EC0-301F-11D3-BF4B-00C04F79EFBC}") = "spine-unity", "spine-unity.csproj", "{0B41C365-A4B2-28F4-329A-01CAF3F94344}"
EndProject
Project("{FAE04EC0-301F-11D3-BF4B-00C04F79EFBC}") = "Assembly-CSharp", "Assembly-CSharp.csproj", "{361126D3-D8F0-092F-7695-EDD89A0ABDED}"
EndProject
Project("{FAE04EC0-301F-11D3-BF4B-00C04F79EFBC}") = "spine-unity-editor", "spine-unity-editor.csproj", "{B408263E-C497-0B05-E420-2B54D9EDC30B}"
EndProject
Global
	GlobalSection(SolutionConfigurationPlatforms) = preSolution
		Debug|Any CPU = Debug|Any CPU
		Release|Any CPU = Release|Any CPU
	EndGlobalSection
	GlobalSection(ProjectConfigurationPlatforms) = postSolution
		{B76150D2-6B7D-C1C0-D9E9-55612E986F23}.Debug|Any CPU.ActiveCfg = Debug|Any CPU
		{B76150D2-6B7D-C1C0-D9E9-55612E986F23}.Debug|Any CPU.Build.0 = Debug|Any CPU
		{B76150D2-6B7D-C1C0-D9E9-55612E986F23}.Release|Any CPU.ActiveCfg = Release|Any CPU
		{B76150D2-6B7D-C1C0-D9E9-55612E986F23}.Release|Any CPU.Build.0 = Release|Any CPU
		{0B41C365-A4B2-28F4-329A-01CAF3F94344}.Debug|Any CPU.ActiveCfg = Debug|Any CPU
		{0B41C365-A4B2-28F4-329A-01CAF3F94344}.Debug|Any CPU.Build.0 = Debug|Any CPU
		{0B41C365-A4B2-28F4-329A-01CAF3F94344}.Release|Any CPU.ActiveCfg = Release|Any CPU
		{0B41C365-A4B2-28F4-329A-01CAF3F94344}.Release|Any CPU.Build.0 = Release|Any CPU
		{361126D3-D8F0-092F-7695-EDD89A0ABDED}.Debug|Any CPU.ActiveCfg = Debug|Any CPU
		{361126D3-D8F0-092F-7695-EDD89A0ABDED}.Debug|Any CPU.Build.0 = Debug|Any CPU
		{361126D3-D8F0-092F-7695-EDD89A0ABDED}.Release|Any CPU.ActiveCfg = Release|Any CPU
		{361126D3-D8F0-092F-7695-EDD89A0ABDED}.Release|Any CPU.Build.0 = Release|Any CPU
		{B408263E-C497-0B05-E420-2B54D9EDC30B}.Debug|Any CPU.ActiveCfg = Debug|Any CPU
		{B408263E-C497-0B05-E420-2B54D9EDC30B}.Debug|Any CPU.Build.0 = Debug|Any CPU
		{B408263E-C497-0B05-E420-2B54D9EDC30B}.Release|Any CPU.ActiveCfg = Release|Any CPU
		{B408263E-C497-0B05-E420-2B54D9EDC30B}.Release|Any CPU.Build.0 = Release|Any CPU
	EndGlobalSection
	GlobalSection(SolutionProperties) = preSolution
		HideSolutionNode = FALSE
	EndGlobalSection
EndGlobal
