
Microsoft Visual Studio Solution File, Format Version 12.00
# Visual Studio 15
Project("{FAE04EC0-301F-11D3-BF4B-00C04F79EFBC}") = "spine-unity-examples", "spine-unity-examples.csproj", "{D1BB3E9C-DE5D-C863-CCDE-73A6A2676468}"
EndProject
Project("{FAE04EC0-301F-11D3-BF4B-00C04F79EFBC}") = "spine-unity", "spine-unity.csproj", "{BB0B35A0-F042-CDB4-6D63-9D938F037075}"
EndProject
Project("{FAE04EC0-301F-11D3-BF4B-00C04F79EFBC}") = "Assembly-CSharp", "Assembly-CSharp.csproj", "{6B5BEE85-E51A-101D-D62F-57F131A36630}"
EndProject
Project("{FAE04EC0-301F-11D3-BF4B-00C04F79EFBC}") = "spine-unity-editor", "spine-unity-editor.csproj", "{EFC3D046-188B-F6F1-D6F8-FA8D53B03F51}"
EndProject
Global
	GlobalSection(SolutionConfigurationPlatforms) = preSolution
		Debug|Any CPU = Debug|Any CPU
		Release|Any CPU = Release|Any CPU
	EndGlobalSection
	GlobalSection(ProjectConfigurationPlatforms) = postSolution
		{D1BB3E9C-DE5D-C863-CCDE-73A6A2676468}.Debug|Any CPU.ActiveCfg = Debug|Any CPU
		{D1BB3E9C-DE5D-C863-CCDE-73A6A2676468}.Debug|Any CPU.Build.0 = Debug|Any CPU
		{D1BB3E9C-DE5D-C863-CCDE-73A6A2676468}.Release|Any CPU.ActiveCfg = Release|Any CPU
		{D1BB3E9C-DE5D-C863-CCDE-73A6A2676468}.Release|Any CPU.Build.0 = Release|Any CPU
		{BB0B35A0-F042-CDB4-6D63-9D938F037075}.Debug|Any CPU.ActiveCfg = Debug|Any CPU
		{BB0B35A0-F042-CDB4-6D63-9D938F037075}.Debug|Any CPU.Build.0 = Debug|Any CPU
		{BB0B35A0-F042-CDB4-6D63-9D938F037075}.Release|Any CPU.ActiveCfg = Release|Any CPU
		{BB0B35A0-F042-CDB4-6D63-9D938F037075}.Release|Any CPU.Build.0 = Release|Any CPU
		{6B5BEE85-E51A-101D-D62F-57F131A36630}.Debug|Any CPU.ActiveCfg = Debug|Any CPU
		{6B5BEE85-E51A-101D-D62F-57F131A36630}.Debug|Any CPU.Build.0 = Debug|Any CPU
		{6B5BEE85-E51A-101D-D62F-57F131A36630}.Release|Any CPU.ActiveCfg = Release|Any CPU
		{6B5BEE85-E51A-101D-D62F-57F131A36630}.Release|Any CPU.Build.0 = Release|Any CPU
		{EFC3D046-188B-F6F1-D6F8-FA8D53B03F51}.Debug|Any CPU.ActiveCfg = Debug|Any CPU
		{EFC3D046-188B-F6F1-D6F8-FA8D53B03F51}.Debug|Any CPU.Build.0 = Debug|Any CPU
		{EFC3D046-188B-F6F1-D6F8-FA8D53B03F51}.Release|Any CPU.ActiveCfg = Release|Any CPU
		{EFC3D046-188B-F6F1-D6F8-FA8D53B03F51}.Release|Any CPU.Build.0 = Release|Any CPU
	EndGlobalSection
	GlobalSection(SolutionProperties) = preSolution
		HideSolutionNode = FALSE
	EndGlobalSection
EndGlobal
